// !$*UTF8*$!
{
	archiveVersion = 1;
	classes = {
	};
	objectVersion = 56;
	objects = {

/* Begin PBXBuildFile section */
		170258A829ACDD61000F2304 /* UpdatedSearchSuggestionMealView.swift in Sources */ = {isa = PBXBuildFile; fileRef = 170258A729ACDD61000F2304 /* UpdatedSearchSuggestionMealView.swift */; };
		170258AA29ACDF1C000F2304 /* SearchTokenMealListView.swift in Sources */ = {isa = PBXBuildFile; fileRef = 170258A929ACDF1C000F2304 /* SearchTokenMealListView.swift */; };
		170258AC29ACDF5F000F2304 /* MealTokenListViewModel.swift in Sources */ = {isa = PBXBuildFile; fileRef = 170258AB29ACDF5F000F2304 /* MealTokenListViewModel.swift */; };
		170258AE29ACE430000F2304 /* SearchScopeMealListView.swift in Sources */ = {isa = PBXBuildFile; fileRef = 170258AD29ACE430000F2304 /* SearchScopeMealListView.swift */; };
		170258B029AD107A000F2304 /* DismissSearchMealListView.swift in Sources */ = {isa = PBXBuildFile; fileRef = 170258AF29AD107A000F2304 /* DismissSearchMealListView.swift */; };
		170258B229AD1323000F2304 /* SearchCustomizeTokenMealListView.swift in Sources */ = {isa = PBXBuildFile; fileRef = 170258B129AD1323000F2304 /* SearchCustomizeTokenMealListView.swift */; };
		170258B429AD134B000F2304 /* CustomMealTokenListViewModel.swift in Sources */ = {isa = PBXBuildFile; fileRef = 170258B329AD134B000F2304 /* CustomMealTokenListViewModel.swift */; };
		170258B629AD235E000F2304 /* SubmitSearchMealListView.swift in Sources */ = {isa = PBXBuildFile; fileRef = 170258B529AD235E000F2304 /* SubmitSearchMealListView.swift */; };
		170258B929AD2459000F2304 /* SearchVisibilityMealListView.swift in Sources */ = {isa = PBXBuildFile; fileRef = 170258B829AD2459000F2304 /* SearchVisibilityMealListView.swift */; };
		17584FDB2A5E8B0D0002AF35 /* search suggestions platform.jpg in Resources */ = {isa = PBXBuildFile; fileRef = 17584FDA2A5E8B0D0002AF35 /* search suggestions platform.jpg */; };
		17584FDD2A5E8B170002AF35 /* search suggestions@1.5x.jpg in Resources */ = {isa = PBXBuildFile; fileRef = 17584FDC2A5E8B170002AF35 /* search suggestions@1.5x.jpg */; };
		17584FDF2A5E8B470002AF35 /* search tokens.jpg in Resources */ = {isa = PBXBuildFile; fileRef = 17584FDE2A5E8B470002AF35 /* search tokens.jpg */; };
		177259C929ACA35F00370197 /* SearchExampleAppApp.swift in Sources */ = {isa = PBXBuildFile; fileRef = 177259C829ACA35F00370197 /* SearchExampleAppApp.swift */; };
		177259CD29ACA36100370197 /* Assets.xcassets in Resources */ = {isa = PBXBuildFile; fileRef = 177259CC29ACA36100370197 /* Assets.xcassets */; };
		177259D129ACA36100370197 /* Preview Assets.xcassets in Resources */ = {isa = PBXBuildFile; fileRef = 177259D029ACA36100370197 /* Preview Assets.xcassets */; };
		177259DA29ACA39F00370197 /* macOS.swift in Sources */ = {isa = PBXBuildFile; fileRef = 177259D829ACA39F00370197 /* macOS.swift */; platformFilters = (macos, ); };
		177259DB29ACA39F00370197 /* Image+helper.swift in Sources */ = {isa = PBXBuildFile; fileRef = 177259D929ACA39F00370197 /* Image+helper.swift */; };
		177259E729ACA3A600370197 /* DBdata.json in Resources */ = {isa = PBXBuildFile; fileRef = 177259DD29ACA3A600370197 /* DBdata.json */; };
		177259E829ACA3A600370197 /* american.jpg in Resources */ = {isa = PBXBuildFile; fileRef = 177259DF29ACA3A600370197 /* american.jpg */; };
		177259E929ACA3A600370197 /* cupcakes.jpg in Resources */ = {isa = PBXBuildFile; fileRef = 177259E029ACA3A600370197 /* cupcakes.jpg */; };
		177259EA29ACA3A600370197 /* dessert.jpg in Resources */ = {isa = PBXBuildFile; fileRef = 177259E129ACA3A600370197 /* dessert.jpg */; };
		177259EB29ACA3A600370197 /* europian.jpg in Resources */ = {isa = PBXBuildFile; fileRef = 177259E229ACA3A600370197 /* europian.jpg */; };
		177259EC29ACA3A600370197 /* oceanian.jpg in Resources */ = {isa = PBXBuildFile; fileRef = 177259E329ACA3A600370197 /* oceanian.jpg */; };
		177259ED29ACA3A600370197 /* african.jpg in Resources */ = {isa = PBXBuildFile; fileRef = 177259E429ACA3A600370197 /* african.jpg */; };
		177259EE29ACA3A600370197 /* muffin.jpg in Resources */ = {isa = PBXBuildFile; fileRef = 177259E529ACA3A600370197 /* muffin.jpg */; };
		177259EF29ACA3A600370197 /* asian.png in Resources */ = {isa = PBXBuildFile; fileRef = 177259E629ACA3A600370197 /* asian.png */; };
		177259F329ACA3AD00370197 /* MealCategory.swift in Sources */ = {isa = PBXBuildFile; fileRef = 177259F129ACA3AD00370197 /* MealCategory.swift */; };
		177259F429ACA3AD00370197 /* Meal.swift in Sources */ = {isa = PBXBuildFile; fileRef = 177259F229ACA3AD00370197 /* Meal.swift */; };
		177259F829ACA54200370197 /* MealListContentView.swift in Sources */ = {isa = PBXBuildFile; fileRef = 177259F729ACA54200370197 /* MealListContentView.swift */; };
		177259FA29ACA55700370197 /* MealListViewModel.swift in Sources */ = {isa = PBXBuildFile; fileRef = 177259F929ACA55700370197 /* MealListViewModel.swift */; };
		177259FD29ACA63200370197 /* MealCardView.swift in Sources */ = {isa = PBXBuildFile; fileRef = 177259FC29ACA63200370197 /* MealCardView.swift */; };
		177259FF29ACA72F00370197 /* StylingViewModifiers.swift in Sources */ = {isa = PBXBuildFile; fileRef = 177259FE29ACA72F00370197 /* StylingViewModifiers.swift */; };
		17725A0129ACA76A00370197 /* CardGroupBoxStyle.swift in Sources */ = {isa = PBXBuildFile; fileRef = 17725A0029ACA76A00370197 /* CardGroupBoxStyle.swift */; };
		17725A0329ACA7BA00370197 /* MealRow.swift in Sources */ = {isa = PBXBuildFile; fileRef = 17725A0229ACA7BA00370197 /* MealRow.swift */; };
		17725A0A29ACAA0800370197 /* DetailView.swift in Sources */ = {isa = PBXBuildFile; fileRef = 17725A0629ACAA0800370197 /* DetailView.swift */; };
		17725A0B29ACAA0800370197 /* SidebarView.swift in Sources */ = {isa = PBXBuildFile; fileRef = 17725A0729ACAA0800370197 /* SidebarView.swift */; };
		17725A0C29ACAA0800370197 /* ThreeColumnView.swift in Sources */ = {isa = PBXBuildFile; fileRef = 17725A0829ACAA0800370197 /* ThreeColumnView.swift */; };
		17725A0D29ACAA0800370197 /* ContentView.swift in Sources */ = {isa = PBXBuildFile; fileRef = 17725A0929ACAA0800370197 /* ContentView.swift */; };
		17725A0F29ACAA9000370197 /* MealCategoryViewModel.swift in Sources */ = {isa = PBXBuildFile; fileRef = 17725A0E29ACAA9000370197 /* MealCategoryViewModel.swift */; };
		17725A1129ACAAFA00370197 /* DataService.swift in Sources */ = {isa = PBXBuildFile; fileRef = 17725A1029ACAAFA00370197 /* DataService.swift */; };
		17725A1329ACCA0300370197 /* IsSearchingMealListView.swift in Sources */ = {isa = PBXBuildFile; fileRef = 17725A1229ACCA0300370197 /* IsSearchingMealListView.swift */; };
		17725A1529ACCC9300370197 /* MealSimpleSearchView.swift in Sources */ = {isa = PBXBuildFile; fileRef = 17725A1429ACCC9300370197 /* MealSimpleSearchView.swift */; };
		17725A1729ACD41C00370197 /* SearchSuggestionMealListView.swift in Sources */ = {isa = PBXBuildFile; fileRef = 17725A1629ACD41C00370197 /* SearchSuggestionMealListView.swift */; };
		17C62F4229AD2F7E000D0CAC /* HideSuggestionMealListView.swift in Sources */ = {isa = PBXBuildFile; fileRef = 17C62F4129AD2F7E000D0CAC /* HideSuggestionMealListView.swift */; };
		17C62F4429AD3485000D0CAC /* PromptMealListView.swift in Sources */ = {isa = PBXBuildFile; fileRef = 17C62F4329AD3485000D0CAC /* PromptMealListView.swift */; };
		17C62F4629ADEC17000D0CAC /* IconSearchTokenMealListView.swift in Sources */ = {isa = PBXBuildFile; fileRef = 17C62F4529ADEC17000D0CAC /* IconSearchTokenMealListView.swift */; };
/* End PBXBuildFile section */

/* Begin PBXFileReference section */
		170258A729ACDD61000F2304 /* UpdatedSearchSuggestionMealView.swift */ = {isa = PBXFileReference; lastKnownFileType = sourcecode.swift; path = UpdatedSearchSuggestionMealView.swift; sourceTree = "<group>"; };
		170258A929ACDF1C000F2304 /* SearchTokenMealListView.swift */ = {isa = PBXFileReference; lastKnownFileType = sourcecode.swift; path = SearchTokenMealListView.swift; sourceTree = "<group>"; };
		170258AB29ACDF5F000F2304 /* MealTokenListViewModel.swift */ = {isa = PBXFileReference; lastKnownFileType = sourcecode.swift; path = MealTokenListViewModel.swift; sourceTree = "<group>"; };
		170258AD29ACE430000F2304 /* SearchScopeMealListView.swift */ = {isa = PBXFileReference; lastKnownFileType = sourcecode.swift; path = SearchScopeMealListView.swift; sourceTree = "<group>"; };
		170258AF29AD107A000F2304 /* DismissSearchMealListView.swift */ = {isa = PBXFileReference; lastKnownFileType = sourcecode.swift; path = DismissSearchMealListView.swift; sourceTree = "<group>"; };
		170258B129AD1323000F2304 /* SearchCustomizeTokenMealListView.swift */ = {isa = PBXFileReference; lastKnownFileType = sourcecode.swift; path = SearchCustomizeTokenMealListView.swift; sourceTree = "<group>"; };
		170258B329AD134B000F2304 /* CustomMealTokenListViewModel.swift */ = {isa = PBXFileReference; lastKnownFileType = sourcecode.swift; path = CustomMealTokenListViewModel.swift; sourceTree = "<group>"; };
		170258B529AD235E000F2304 /* SubmitSearchMealListView.swift */ = {isa = PBXFileReference; lastKnownFileType = sourcecode.swift; path = SubmitSearchMealListView.swift; sourceTree = "<group>"; };
		170258B829AD2459000F2304 /* SearchVisibilityMealListView.swift */ = {isa = PBXFileReference; lastKnownFileType = sourcecode.swift; path = SearchVisibilityMealListView.swift; sourceTree = "<group>"; };
		17584FDA2A5E8B0D0002AF35 /* search suggestions platform.jpg */ = {isa = PBXFileReference; lastKnownFileType = image.jpeg; path = "search suggestions platform.jpg"; sourceTree = "<group>"; };
		17584FDC2A5E8B170002AF35 /* search suggestions@1.5x.jpg */ = {isa = PBXFileReference; lastKnownFileType = image.jpeg; path = "search suggestions@1.5x.jpg"; sourceTree = "<group>"; };
		17584FDE2A5E8B470002AF35 /* search tokens.jpg */ = {isa = PBXFileReference; lastKnownFileType = image.jpeg; path = "search tokens.jpg"; sourceTree = "<group>"; };
		177259C529ACA35F00370197 /* SearchExampleApp.app */ = {isa = PBXFileReference; explicitFileType = wrapper.application; includeInIndex = 0; path = SearchExampleApp.app; sourceTree = BUILT_PRODUCTS_DIR; };
		177259C829ACA35F00370197 /* SearchExampleAppApp.swift */ = {isa = PBXFileReference; lastKnownFileType = sourcecode.swift; path = SearchExampleAppApp.swift; sourceTree = "<group>"; };
		177259CC29ACA36100370197 /* Assets.xcassets */ = {isa = PBXFileReference; lastKnownFileType = folder.assetcatalog; path = Assets.xcassets; sourceTree = "<group>"; };
		177259CE29ACA36100370197 /* SearchExampleApp.entitlements */ = {isa = PBXFileReference; lastKnownFileType = text.plist.entitlements; path = SearchExampleApp.entitlements; sourceTree = "<group>"; };
		177259D029ACA36100370197 /* Preview Assets.xcassets */ = {isa = PBXFileReference; lastKnownFileType = folder.assetcatalog; path = "Preview Assets.xcassets"; sourceTree = "<group>"; };
		177259D829ACA39F00370197 /* macOS.swift */ = {isa = PBXFileReference; fileEncoding = 4; lastKnownFileType = sourcecode.swift; path = macOS.swift; sourceTree = "<group>"; };
		177259D929ACA39F00370197 /* Image+helper.swift */ = {isa = PBXFileReference; fileEncoding = 4; lastKnownFileType = sourcecode.swift; path = "Image+helper.swift"; sourceTree = "<group>"; };
		177259DD29ACA3A600370197 /* DBdata.json */ = {isa = PBXFileReference; fileEncoding = 4; lastKnownFileType = text.json; path = DBdata.json; sourceTree = "<group>"; };
		177259DF29ACA3A600370197 /* american.jpg */ = {isa = PBXFileReference; lastKnownFileType = image.jpeg; path = american.jpg; sourceTree = "<group>"; };
		177259E029ACA3A600370197 /* cupcakes.jpg */ = {isa = PBXFileReference; lastKnownFileType = image.jpeg; path = cupcakes.jpg; sourceTree = "<group>"; };
		177259E129ACA3A600370197 /* dessert.jpg */ = {isa = PBXFileReference; lastKnownFileType = image.jpeg; path = dessert.jpg; sourceTree = "<group>"; };
		177259E229ACA3A600370197 /* europian.jpg */ = {isa = PBXFileReference; lastKnownFileType = image.jpeg; path = europian.jpg; sourceTree = "<group>"; };
		177259E329ACA3A600370197 /* oceanian.jpg */ = {isa = PBXFileReference; lastKnownFileType = image.jpeg; path = oceanian.jpg; sourceTree = "<group>"; };
		177259E429ACA3A600370197 /* african.jpg */ = {isa = PBXFileReference; lastKnownFileType = image.jpeg; path = african.jpg; sourceTree = "<group>"; };
		177259E529ACA3A600370197 /* muffin.jpg */ = {isa = PBXFileReference; lastKnownFileType = image.jpeg; path = muffin.jpg; sourceTree = "<group>"; };
		177259E629ACA3A600370197 /* asian.png */ = {isa = PBXFileReference; lastKnownFileType = image.png; path = asian.png; sourceTree = "<group>"; };
		177259F129ACA3AD00370197 /* MealCategory.swift */ = {isa = PBXFileReference; fileEncoding = 4; lastKnownFileType = sourcecode.swift; path = MealCategory.swift; sourceTree = "<group>"; };
		177259F229ACA3AD00370197 /* Meal.swift */ = {isa = PBXFileReference; fileEncoding = 4; lastKnownFileType = sourcecode.swift; path = Meal.swift; sourceTree = "<group>"; };
		177259F729ACA54200370197 /* MealListContentView.swift */ = {isa = PBXFileReference; lastKnownFileType = sourcecode.swift; path = MealListContentView.swift; sourceTree = "<group>"; };
		177259F929ACA55700370197 /* MealListViewModel.swift */ = {isa = PBXFileReference; lastKnownFileType = sourcecode.swift; path = MealListViewModel.swift; sourceTree = "<group>"; };
		177259FC29ACA63200370197 /* MealCardView.swift */ = {isa = PBXFileReference; lastKnownFileType = sourcecode.swift; path = MealCardView.swift; sourceTree = "<group>"; };
		177259FE29ACA72F00370197 /* StylingViewModifiers.swift */ = {isa = PBXFileReference; fileEncoding = 4; lastKnownFileType = sourcecode.swift; path = StylingViewModifiers.swift; sourceTree = "<group>"; };
		17725A0029ACA76A00370197 /* CardGroupBoxStyle.swift */ = {isa = PBXFileReference; lastKnownFileType = sourcecode.swift; path = CardGroupBoxStyle.swift; sourceTree = "<group>"; };
		17725A0229ACA7BA00370197 /* MealRow.swift */ = {isa = PBXFileReference; lastKnownFileType = sourcecode.swift; path = MealRow.swift; sourceTree = "<group>"; };
		17725A0629ACAA0800370197 /* DetailView.swift */ = {isa = PBXFileReference; fileEncoding = 4; lastKnownFileType = sourcecode.swift; path = DetailView.swift; sourceTree = "<group>"; };
		17725A0729ACAA0800370197 /* SidebarView.swift */ = {isa = PBXFileReference; fileEncoding = 4; lastKnownFileType = sourcecode.swift; path = SidebarView.swift; sourceTree = "<group>"; };
		17725A0829ACAA0800370197 /* ThreeColumnView.swift */ = {isa = PBXFileReference; fileEncoding = 4; lastKnownFileType = sourcecode.swift; path = ThreeColumnView.swift; sourceTree = "<group>"; };
		17725A0929ACAA0800370197 /* ContentView.swift */ = {isa = PBXFileReference; fileEncoding = 4; lastKnownFileType = sourcecode.swift; path = ContentView.swift; sourceTree = "<group>"; };
		17725A0E29ACAA9000370197 /* MealCategoryViewModel.swift */ = {isa = PBXFileReference; lastKnownFileType = sourcecode.swift; path = MealCategoryViewModel.swift; sourceTree = "<group>"; };
		17725A1029ACAAFA00370197 /* DataService.swift */ = {isa = PBXFileReference; lastKnownFileType = sourcecode.swift; path = DataService.swift; sourceTree = "<group>"; };
		17725A1229ACCA0300370197 /* IsSearchingMealListView.swift */ = {isa = PBXFileReference; lastKnownFileType = sourcecode.swift; path = IsSearchingMealListView.swift; sourceTree = "<group>"; };
		17725A1429ACCC9300370197 /* MealSimpleSearchView.swift */ = {isa = PBXFileReference; lastKnownFileType = sourcecode.swift; path = MealSimpleSearchView.swift; sourceTree = "<group>"; };
		17725A1629ACD41C00370197 /* SearchSuggestionMealListView.swift */ = {isa = PBXFileReference; lastKnownFileType = sourcecode.swift; path = SearchSuggestionMealListView.swift; sourceTree = "<group>"; };
		17C62F4129AD2F7E000D0CAC /* HideSuggestionMealListView.swift */ = {isa = PBXFileReference; lastKnownFileType = sourcecode.swift; path = HideSuggestionMealListView.swift; sourceTree = "<group>"; };
		17C62F4329AD3485000D0CAC /* PromptMealListView.swift */ = {isa = PBXFileReference; lastKnownFileType = sourcecode.swift; path = PromptMealListView.swift; sourceTree = "<group>"; };
		17C62F4529ADEC17000D0CAC /* IconSearchTokenMealListView.swift */ = {isa = PBXFileReference; lastKnownFileType = sourcecode.swift; path = IconSearchTokenMealListView.swift; sourceTree = "<group>"; };
/* End PBXFileReference section */

/* Begin PBXFrameworksBuildPhase section */
		177259C229ACA35F00370197 /* Frameworks */ = {
			isa = PBXFrameworksBuildPhase;
			buildActionMask = 2147483647;
			files = (
			);
			runOnlyForDeploymentPostprocessing = 0;
		};
/* End PBXFrameworksBuildPhase section */

/* Begin PBXGroup section */
		170258A629ACDAAF000F2304 /* list search interaction */ = {
			isa = PBXGroup;
			children = (
				17725A1229ACCA0300370197 /* IsSearchingMealListView.swift */,
				177259F729ACA54200370197 /* MealListContentView.swift */,
				170258AF29AD107A000F2304 /* DismissSearchMealListView.swift */,
				170258B529AD235E000F2304 /* SubmitSearchMealListView.swift */,
			);
			path = "list search interaction";
			sourceTree = "<group>";
		};
		170258B729AD243E000F2304 /* search styling */ = {
			isa = PBXGroup;
			children = (
				17C62F4329AD3485000D0CAC /* PromptMealListView.swift */,
				170258B829AD2459000F2304 /* SearchVisibilityMealListView.swift */,
				17725A0529ACAA0800370197 /* three column navigation */,
			);
			path = "search styling";
			sourceTree = "<group>";
		};
		17584FD62A5E89710002AF35 /* tokens and scope */ = {
			isa = PBXGroup;
			children = (
				170258A929ACDF1C000F2304 /* SearchTokenMealListView.swift */,
				17C62F4529ADEC17000D0CAC /* IconSearchTokenMealListView.swift */,
				170258B129AD1323000F2304 /* SearchCustomizeTokenMealListView.swift */,
				170258AD29ACE430000F2304 /* SearchScopeMealListView.swift */,
			);
			path = "tokens and scope";
			sourceTree = "<group>";
		};
		17584FD92A5E8A7E0002AF35 /* images */ = {
			isa = PBXGroup;
			children = (
				17584FDA2A5E8B0D0002AF35 /* search suggestions platform.jpg */,
				17584FDC2A5E8B170002AF35 /* search suggestions@1.5x.jpg */,
				17584FDE2A5E8B470002AF35 /* search tokens.jpg */,
			);
			path = images;
			sourceTree = "<group>";
		};
		177259BC29ACA35F00370197 = {
			isa = PBXGroup;
			children = (
				17584FD92A5E8A7E0002AF35 /* images */,
				177259C729ACA35F00370197 /* SearchExampleApp */,
				177259C629ACA35F00370197 /* Products */,
			);
			sourceTree = "<group>";
		};
		177259C629ACA35F00370197 /* Products */ = {
			isa = PBXGroup;
			children = (
				177259C529ACA35F00370197 /* SearchExampleApp.app */,
			);
			name = Products;
			sourceTree = "<group>";
		};
		177259C729ACA35F00370197 /* SearchExampleApp */ = {
			isa = PBXGroup;
			children = (
				177259C829ACA35F00370197 /* SearchExampleAppApp.swift */,
				177259F629ACA53300370197 /* View */,
				177259F529ACA52C00370197 /* View Model */,
				177259F029ACA3AD00370197 /* Model */,
				177259D729ACA39F00370197 /* extension */,
				177259DC29ACA3A600370197 /* Supporting Files */,
				177259CC29ACA36100370197 /* Assets.xcassets */,
				177259CE29ACA36100370197 /* SearchExampleApp.entitlements */,
				177259CF29ACA36100370197 /* Preview Content */,
			);
			path = SearchExampleApp;
			sourceTree = "<group>";
		};
		177259CF29ACA36100370197 /* Preview Content */ = {
			isa = PBXGroup;
			children = (
				177259D029ACA36100370197 /* Preview Assets.xcassets */,
			);
			path = "Preview Content";
			sourceTree = "<group>";
		};
		177259D729ACA39F00370197 /* extension */ = {
			isa = PBXGroup;
			children = (
				177259D829ACA39F00370197 /* macOS.swift */,
				177259D929ACA39F00370197 /* Image+helper.swift */,
			);
			path = extension;
			sourceTree = "<group>";
		};
		177259DC29ACA3A600370197 /* Supporting Files */ = {
			isa = PBXGroup;
			children = (
				177259DD29ACA3A600370197 /* DBdata.json */,
				177259DE29ACA3A600370197 /* assets */,
			);
			path = "Supporting Files";
			sourceTree = "<group>";
		};
		177259DE29ACA3A600370197 /* assets */ = {
			isa = PBXGroup;
			children = (
				177259DF29ACA3A600370197 /* american.jpg */,
				177259E029ACA3A600370197 /* cupcakes.jpg */,
				177259E129ACA3A600370197 /* dessert.jpg */,
				177259E229ACA3A600370197 /* europian.jpg */,
				177259E329ACA3A600370197 /* oceanian.jpg */,
				177259E429ACA3A600370197 /* african.jpg */,
				177259E529ACA3A600370197 /* muffin.jpg */,
				177259E629ACA3A600370197 /* asian.png */,
			);
			path = assets;
			sourceTree = "<group>";
		};
		177259F029ACA3AD00370197 /* Model */ = {
			isa = PBXGroup;
			children = (
				177259F129ACA3AD00370197 /* MealCategory.swift */,
				177259F229ACA3AD00370197 /* Meal.swift */,
			);
			path = Model;
			sourceTree = "<group>";
		};
		177259F529ACA52C00370197 /* View Model */ = {
			isa = PBXGroup;
			children = (
				177259F929ACA55700370197 /* MealListViewModel.swift */,
				170258AB29ACDF5F000F2304 /* MealTokenListViewModel.swift */,
				170258B329AD134B000F2304 /* CustomMealTokenListViewModel.swift */,
				17725A0E29ACAA9000370197 /* MealCategoryViewModel.swift */,
				17725A1029ACAAFA00370197 /* DataService.swift */,
			);
			path = "View Model";
			sourceTree = "<group>";
		};
		177259F629ACA53300370197 /* View */ = {
			isa = PBXGroup;
			children = (
				17725A0429ACA9EA00370197 /* list searching */,
				17584FD62A5E89710002AF35 /* tokens and scope */,
				170258A629ACDAAF000F2304 /* list search interaction */,
				170258B729AD243E000F2304 /* search styling */,
				177259FB29ACA61F00370197 /* meal cells */,
			);
			path = View;
			sourceTree = "<group>";
		};
		177259FB29ACA61F00370197 /* meal cells */ = {
			isa = PBXGroup;
			children = (
				17725A0229ACA7BA00370197 /* MealRow.swift */,
				177259FC29ACA63200370197 /* MealCardView.swift */,
				177259FE29ACA72F00370197 /* StylingViewModifiers.swift */,
				17725A0029ACA76A00370197 /* CardGroupBoxStyle.swift */,
			);
			path = "meal cells";
			sourceTree = "<group>";
		};
		17725A0429ACA9EA00370197 /* list searching */ = {
			isa = PBXGroup;
			children = (
				17725A1429ACCC9300370197 /* MealSimpleSearchView.swift */,
				17725A1629ACD41C00370197 /* SearchSuggestionMealListView.swift */,
				170258A729ACDD61000F2304 /* UpdatedSearchSuggestionMealView.swift */,
				17C62F4129AD2F7E000D0CAC /* HideSuggestionMealListView.swift */,
			);
			path = "list searching";
			sourceTree = "<group>";
		};
		17725A0529ACAA0800370197 /* three column navigation */ = {
			isa = PBXGroup;
			children = (
				17725A0829ACAA0800370197 /* ThreeColumnView.swift */,
				17725A0729ACAA0800370197 /* SidebarView.swift */,
				17725A0929ACAA0800370197 /* ContentView.swift */,
				17725A0629ACAA0800370197 /* DetailView.swift */,
			);
			path = "three column navigation";
			sourceTree = "<group>";
		};
/* End PBXGroup section */

/* Begin PBXNativeTarget section */
		177259C429ACA35F00370197 /* SearchExampleApp */ = {
			isa = PBXNativeTarget;
			buildConfigurationList = 177259D429ACA36100370197 /* Build configuration list for PBXNativeTarget "SearchExampleApp" */;
			buildPhases = (
				177259C129ACA35F00370197 /* Sources */,
				177259C229ACA35F00370197 /* Frameworks */,
				177259C329ACA35F00370197 /* Resources */,
			);
			buildRules = (
			);
			dependencies = (
			);
			name = SearchExampleApp;
			productName = SearchExampleApp;
			productReference = 177259C529ACA35F00370197 /* SearchExampleApp.app */;
			productType = "com.apple.product-type.application";
		};
/* End PBXNativeTarget section */

/* Begin PBXProject section */
		177259BD29ACA35F00370197 /* Project object */ = {
			isa = PBXProject;
			attributes = {
				BuildIndependentTargetsInParallel = 1;
				LastSwiftUpdateCheck = 1420;
				LastUpgradeCheck = 1420;
				TargetAttributes = {
					177259C429ACA35F00370197 = {
						CreatedOnToolsVersion = 14.2;
					};
				};
			};
			buildConfigurationList = 177259C029ACA35F00370197 /* Build configuration list for PBXProject "SearchExampleApp" */;
			compatibilityVersion = "Xcode 14.0";
			developmentRegion = en;
			hasScannedForEncodings = 0;
			knownRegions = (
				en,
				Base,
			);
			mainGroup = 177259BC29ACA35F00370197;
			productRefGroup = 177259C629ACA35F00370197 /* Products */;
			projectDirPath = "";
			projectRoot = "";
			targets = (
				177259C429ACA35F00370197 /* SearchExampleApp */,
			);
		};
/* End PBXProject section */

/* Begin PBXResourcesBuildPhase section */
		177259C329ACA35F00370197 /* Resources */ = {
			isa = PBXResourcesBuildPhase;
			buildActionMask = 2147483647;
			files = (
				17584FDF2A5E8B470002AF35 /* search tokens.jpg in Resources */,
				177259E929ACA3A600370197 /* cupcakes.jpg in Resources */,
				177259EC29ACA3A600370197 /* oceanian.jpg in Resources */,
				177259D129ACA36100370197 /* Preview Assets.xcassets in Resources */,
				177259E729ACA3A600370197 /* DBdata.json in Resources */,
				177259EE29ACA3A600370197 /* muffin.jpg in Resources */,
				177259CD29ACA36100370197 /* Assets.xcassets in Resources */,
				17584FDD2A5E8B170002AF35 /* search suggestions@1.5x.jpg in Resources */,
				177259EF29ACA3A600370197 /* asian.png in Resources */,
				177259EA29ACA3A600370197 /* dessert.jpg in Resources */,
				17584FDB2A5E8B0D0002AF35 /* search suggestions platform.jpg in Resources */,
				177259ED29ACA3A600370197 /* african.jpg in Resources */,
				177259E829ACA3A600370197 /* american.jpg in Resources */,
				177259EB29ACA3A600370197 /* europian.jpg in Resources */,
			);
			runOnlyForDeploymentPostprocessing = 0;
		};
/* End PBXResourcesBuildPhase section */

/* Begin PBXSourcesBuildPhase section */
		177259C129ACA35F00370197 /* Sources */ = {
			isa = PBXSourcesBuildPhase;
			buildActionMask = 2147483647;
			files = (
				17725A0F29ACAA9000370197 /* MealCategoryViewModel.swift in Sources */,
				177259FD29ACA63200370197 /* MealCardView.swift in Sources */,
				17725A0D29ACAA0800370197 /* ContentView.swift in Sources */,
				170258AC29ACDF5F000F2304 /* MealTokenListViewModel.swift in Sources */,
				170258B429AD134B000F2304 /* CustomMealTokenListViewModel.swift in Sources */,
				177259FA29ACA55700370197 /* MealListViewModel.swift in Sources */,
				17C62F4229AD2F7E000D0CAC /* HideSuggestionMealListView.swift in Sources */,
				17725A1329ACCA0300370197 /* IsSearchingMealListView.swift in Sources */,
				170258AE29ACE430000F2304 /* SearchScopeMealListView.swift in Sources */,
				17725A0329ACA7BA00370197 /* MealRow.swift in Sources */,
				17725A0C29ACAA0800370197 /* ThreeColumnView.swift in Sources */,
				17725A0129ACA76A00370197 /* CardGroupBoxStyle.swift in Sources */,
				177259DA29ACA39F00370197 /* macOS.swift in Sources */,
				170258B029AD107A000F2304 /* DismissSearchMealListView.swift in Sources */,
				17725A1129ACAAFA00370197 /* DataService.swift in Sources */,
				17C62F4429AD3485000D0CAC /* PromptMealListView.swift in Sources */,
				17725A1529ACCC9300370197 /* MealSimpleSearchView.swift in Sources */,
				170258A829ACDD61000F2304 /* UpdatedSearchSuggestionMealView.swift in Sources */,
				177259C929ACA35F00370197 /* SearchExampleAppApp.swift in Sources */,
				17725A0A29ACAA0800370197 /* DetailView.swift in Sources */,
				17725A1729ACD41C00370197 /* SearchSuggestionMealListView.swift in Sources */,
				177259F329ACA3AD00370197 /* MealCategory.swift in Sources */,
				17C62F4629ADEC17000D0CAC /* IconSearchTokenMealListView.swift in Sources */,
				17725A0B29ACAA0800370197 /* SidebarView.swift in Sources */,
				170258B629AD235E000F2304 /* SubmitSearchMealListView.swift in Sources */,
				177259FF29ACA72F00370197 /* StylingViewModifiers.swift in Sources */,
				177259DB29ACA39F00370197 /* Image+helper.swift in Sources */,
				170258AA29ACDF1C000F2304 /* SearchTokenMealListView.swift in Sources */,
				177259F829ACA54200370197 /* MealListContentView.swift in Sources */,
				177259F429ACA3AD00370197 /* Meal.swift in Sources */,
				170258B229AD1323000F2304 /* SearchCustomizeTokenMealListView.swift in Sources */,
				170258B929AD2459000F2304 /* SearchVisibilityMealListView.swift in Sources */,
			);
			runOnlyForDeploymentPostprocessing = 0;
		};
/* End PBXSourcesBuildPhase section */

/* Begin XCBuildConfiguration section */
		177259D229ACA36100370197 /* Debug */ = {
			isa = XCBuildConfiguration;
			buildSettings = {
				ALWAYS_SEARCH_USER_PATHS = NO;
				CLANG_ANALYZER_NONNULL = YES;
				CLANG_ANALYZER_NUMBER_OBJECT_CONVERSION = YES_AGGRESSIVE;
				CLANG_CXX_LANGUAGE_STANDARD = "gnu++20";
				CLANG_ENABLE_MODULES = YES;
				CLANG_ENABLE_OBJC_ARC = YES;
				CLANG_ENABLE_OBJC_WEAK = YES;
				CLANG_WARN_BLOCK_CAPTURE_AUTORELEASING = YES;
				CLANG_WARN_BOOL_CONVERSION = YES;
				CLANG_WARN_COMMA = YES;
				CLANG_WARN_CONSTANT_CONVERSION = YES;
				CLANG_WARN_DEPRECATED_OBJC_IMPLEMENTATIONS = YES;
				CLANG_WARN_DIRECT_OBJC_ISA_USAGE = YES_ERROR;
				CLANG_WARN_DOCUMENTATION_COMMENTS = YES;
				CLANG_WARN_EMPTY_BODY = YES;
				CLANG_WARN_ENUM_CONVERSION = YES;
				CLANG_WARN_INFINITE_RECURSION = YES;
				CLANG_WARN_INT_CONVERSION = YES;
				CLANG_WARN_NON_LITERAL_NULL_CONVERSION = YES;
				CLANG_WARN_OBJC_IMPLICIT_RETAIN_SELF = YES;
				CLANG_WARN_OBJC_LITERAL_CONVERSION = YES;
				CLANG_WARN_OBJC_ROOT_CLASS = YES_ERROR;
				CLANG_WARN_QUOTED_INCLUDE_IN_FRAMEWORK_HEADER = YES;
				CLANG_WARN_RANGE_LOOP_ANALYSIS = YES;
				CLANG_WARN_STRICT_PROTOTYPES = YES;
				CLANG_WARN_SUSPICIOUS_MOVE = YES;
				CLANG_WARN_UNGUARDED_AVAILABILITY = YES_AGGRESSIVE;
				CLANG_WARN_UNREACHABLE_CODE = YES;
				CLANG_WARN__DUPLICATE_METHOD_MATCH = YES;
				COPY_PHASE_STRIP = NO;
				DEBUG_INFORMATION_FORMAT = dwarf;
				ENABLE_STRICT_OBJC_MSGSEND = YES;
				ENABLE_TESTABILITY = YES;
				GCC_C_LANGUAGE_STANDARD = gnu11;
				GCC_DYNAMIC_NO_PIC = NO;
				GCC_NO_COMMON_BLOCKS = YES;
				GCC_OPTIMIZATION_LEVEL = 0;
				GCC_PREPROCESSOR_DEFINITIONS = (
					"DEBUG=1",
					"$(inherited)",
				);
				GCC_WARN_64_TO_32_BIT_CONVERSION = YES;
				GCC_WARN_ABOUT_RETURN_TYPE = YES_ERROR;
				GCC_WARN_UNDECLARED_SELECTOR = YES;
				GCC_WARN_UNINITIALIZED_AUTOS = YES_AGGRESSIVE;
				GCC_WARN_UNUSED_FUNCTION = YES;
				GCC_WARN_UNUSED_VARIABLE = YES;
				MTL_ENABLE_DEBUG_INFO = INCLUDE_SOURCE;
				MTL_FAST_MATH = YES;
				ONLY_ACTIVE_ARCH = YES;
				SWIFT_ACTIVE_COMPILATION_CONDITIONS = DEBUG;
				SWIFT_OPTIMIZATION_LEVEL = "-Onone";
			};
			name = Debug;
		};
		177259D329ACA36100370197 /* Release */ = {
			isa = XCBuildConfiguration;
			buildSettings = {
				ALWAYS_SEARCH_USER_PATHS = NO;
				CLANG_ANALYZER_NONNULL = YES;
				CLANG_ANALYZER_NUMBER_OBJECT_CONVERSION = YES_AGGRESSIVE;
				CLANG_CXX_LANGUAGE_STANDARD = "gnu++20";
				CLANG_ENABLE_MODULES = YES;
				CLANG_ENABLE_OBJC_ARC = YES;
				CLANG_ENABLE_OBJC_WEAK = YES;
				CLANG_WARN_BLOCK_CAPTURE_AUTORELEASING = YES;
				CLANG_WARN_BOOL_CONVERSION = YES;
				CLANG_WARN_COMMA = YES;
				CLANG_WARN_CONSTANT_CONVERSION = YES;
				CLANG_WARN_DEPRECATED_OBJC_IMPLEMENTATIONS = YES;
				CLANG_WARN_DIRECT_OBJC_ISA_USAGE = YES_ERROR;
				CLANG_WARN_DOCUMENTATION_COMMENTS = YES;
				CLANG_WARN_EMPTY_BODY = YES;
				CLANG_WARN_ENUM_CONVERSION = YES;
				CLANG_WARN_INFINITE_RECURSION = YES;
				CLANG_WARN_INT_CONVERSION = YES;
				CLANG_WARN_NON_LITERAL_NULL_CONVERSION = YES;
				CLANG_WARN_OBJC_IMPLICIT_RETAIN_SELF = YES;
				CLANG_WARN_OBJC_LITERAL_CONVERSION = YES;
				CLANG_WARN_OBJC_ROOT_CLASS = YES_ERROR;
				CLANG_WARN_QUOTED_INCLUDE_IN_FRAMEWORK_HEADER = YES;
				CLANG_WARN_RANGE_LOOP_ANALYSIS = YES;
				CLANG_WARN_STRICT_PROTOTYPES = YES;
				CLANG_WARN_SUSPICIOUS_MOVE = YES;
				CLANG_WARN_UNGUARDED_AVAILABILITY = YES_AGGRESSIVE;
				CLANG_WARN_UNREACHABLE_CODE = YES;
				CLANG_WARN__DUPLICATE_METHOD_MATCH = YES;
				COPY_PHASE_STRIP = NO;
				DEBUG_INFORMATION_FORMAT = "dwarf-with-dsym";
				ENABLE_NS_ASSERTIONS = NO;
				ENABLE_STRICT_OBJC_MSGSEND = YES;
				GCC_C_LANGUAGE_STANDARD = gnu11;
				GCC_NO_COMMON_BLOCKS = YES;
				GCC_WARN_64_TO_32_BIT_CONVERSION = YES;
				GCC_WARN_ABOUT_RETURN_TYPE = YES_ERROR;
				GCC_WARN_UNDECLARED_SELECTOR = YES;
				GCC_WARN_UNINITIALIZED_AUTOS = YES_AGGRESSIVE;
				GCC_WARN_UNUSED_FUNCTION = YES;
				GCC_WARN_UNUSED_VARIABLE = YES;
				MTL_ENABLE_DEBUG_INFO = NO;
				MTL_FAST_MATH = YES;
				SWIFT_COMPILATION_MODE = wholemodule;
				SWIFT_OPTIMIZATION_LEVEL = "-O";
			};
			name = Release;
		};
		177259D529ACA36100370197 /* Debug */ = {
			isa = XCBuildConfiguration;
			buildSettings = {
				ASSETCATALOG_COMPILER_APPICON_NAME = AppIcon;
				ASSETCATALOG_COMPILER_GLOBAL_ACCENT_COLOR_NAME = AccentColor;
				CODE_SIGN_ENTITLEMENTS = SearchExampleApp/SearchExampleApp.entitlements;
				CODE_SIGN_STYLE = Automatic;
				CURRENT_PROJECT_VERSION = 1;
				DEVELOPMENT_ASSET_PATHS = "\"SearchExampleApp/Preview Content\"";
				DEVELOPMENT_TEAM = 2ZB33FC454;
				ENABLE_HARDENED_RUNTIME = YES;
				ENABLE_PREVIEWS = YES;
				GENERATE_INFOPLIST_FILE = YES;
				"INFOPLIST_KEY_UIApplicationSceneManifest_Generation[sdk=iphoneos*]" = YES;
				"INFOPLIST_KEY_UIApplicationSceneManifest_Generation[sdk=iphonesimulator*]" = YES;
				"INFOPLIST_KEY_UIApplicationSupportsIndirectInputEvents[sdk=iphoneos*]" = YES;
				"INFOPLIST_KEY_UIApplicationSupportsIndirectInputEvents[sdk=iphonesimulator*]" = YES;
				"INFOPLIST_KEY_UILaunchScreen_Generation[sdk=iphoneos*]" = YES;
				"INFOPLIST_KEY_UILaunchScreen_Generation[sdk=iphonesimulator*]" = YES;
				"INFOPLIST_KEY_UIStatusBarStyle[sdk=iphoneos*]" = UIStatusBarStyleDefault;
				"INFOPLIST_KEY_UIStatusBarStyle[sdk=iphonesimulator*]" = UIStatusBarStyleDefault;
				INFOPLIST_KEY_UISupportedInterfaceOrientations_iPad = "UIInterfaceOrientationPortrait UIInterfaceOrientationPortraitUpsideDown UIInterfaceOrientationLandscapeLeft UIInterfaceOrientationLandscapeRight";
				INFOPLIST_KEY_UISupportedInterfaceOrientations_iPhone = "UIInterfaceOrientationPortrait UIInterfaceOrientationLandscapeLeft UIInterfaceOrientationLandscapeRight";
				IPHONEOS_DEPLOYMENT_TARGET = 16.0;
				LD_RUNPATH_SEARCH_PATHS = "@executable_path/Frameworks";
				"LD_RUNPATH_SEARCH_PATHS[sdk=macosx*]" = "@executable_path/../Frameworks";
				MACOSX_DEPLOYMENT_TARGET = 13.0;
				MARKETING_VERSION = 1.0;
				PRODUCT_BUNDLE_IDENTIFIER = com.karinprater.SearchExampleApp;
				PRODUCT_NAME = "$(TARGET_NAME)";
				SDKROOT = auto;
				SUPPORTED_PLATFORMS = "iphoneos iphonesimulator macosx";
				SWIFT_EMIT_LOC_STRINGS = YES;
				SWIFT_VERSION = 5.0;
				TARGETED_DEVICE_FAMILY = "1,2";
			};
			name = Debug;
		};
		177259D629ACA36100370197 /* Release */ = {
			isa = XCBuildConfiguration;
			buildSettings = {
				ASSETCATALOG_COMPILER_APPICON_NAME = AppIcon;
				ASSETCATALOG_COMPILER_GLOBAL_ACCENT_COLOR_NAME = AccentColor;
				CODE_SIGN_ENTITLEMENTS = SearchExampleApp/SearchExampleApp.entitlements;
				CODE_SIGN_STYLE = Automatic;
				CURRENT_PROJECT_VERSION = 1;
				DEVELOPMENT_ASSET_PATHS = "\"SearchExampleApp/Preview Content\"";
				DEVELOPMENT_TEAM = 2ZB33FC454;
				ENABLE_HARDENED_RUNTIME = YES;
				ENABLE_PREVIEWS = YES;
				GENERATE_INFOPLIST_FILE = YES;
				"INFOPLIST_KEY_UIApplicationSceneManifest_Generation[sdk=iphoneos*]" = YES;
				"INFOPLIST_KEY_UIApplicationSceneManifest_Generation[sdk=iphonesimulator*]" = YES;
				"INFOPLIST_KEY_UIApplicationSupportsIndirectInputEvents[sdk=iphoneos*]" = YES;
				"INFOPLIST_KEY_UIApplicationSupportsIndirectInputEvents[sdk=iphonesimulator*]" = YES;
				"INFOPLIST_KEY_UILaunchScreen_Generation[sdk=iphoneos*]" = YES;
				"INFOPLIST_KEY_UILaunchScreen_Generation[sdk=iphonesimulator*]" = YES;
				"INFOPLIST_KEY_UIStatusBarStyle[sdk=iphoneos*]" = UIStatusBarStyleDefault;
				"INFOPLIST_KEY_UIStatusBarStyle[sdk=iphonesimulator*]" = UIStatusBarStyleDefault;
				INFOPLIST_KEY_UISupportedInterfaceOrientations_iPad = "UIInterfaceOrientationPortrait UIInterfaceOrientationPortraitUpsideDown UIInterfaceOrientationLandscapeLeft UIInterfaceOrientationLandscapeRight";
				INFOPLIST_KEY_UISupportedInterfaceOrientations_iPhone = "UIInterfaceOrientationPortrait UIInterfaceOrientationLandscapeLeft UIInterfaceOrientationLandscapeRight";
				IPHONEOS_DEPLOYMENT_TARGET = 16.0;
				LD_RUNPATH_SEARCH_PATHS = "@executable_path/Frameworks";
				"LD_RUNPATH_SEARCH_PATHS[sdk=macosx*]" = "@executable_path/../Frameworks";
				MACOSX_DEPLOYMENT_TARGET = 13.0;
				MARKETING_VERSION = 1.0;
				PRODUCT_BUNDLE_IDENTIFIER = com.karinprater.SearchExampleApp;
				PRODUCT_NAME = "$(TARGET_NAME)";
				SDKROOT = auto;
				SUPPORTED_PLATFORMS = "iphoneos iphonesimulator macosx";
				SWIFT_EMIT_LOC_STRINGS = YES;
				SWIFT_VERSION = 5.0;
				TARGETED_DEVICE_FAMILY = "1,2";
			};
			name = Release;
		};
/* End XCBuildConfiguration section */

/* Begin XCConfigurationList section */
		177259C029ACA35F00370197 /* Build configuration list for PBXProject "SearchExampleApp" */ = {
			isa = XCConfigurationList;
			buildConfigurations = (
				177259D229ACA36100370197 /* Debug */,
				177259D329ACA36100370197 /* Release */,
			);
			defaultConfigurationIsVisible = 0;
			defaultConfigurationName = Release;
		};
		177259D429ACA36100370197 /* Build configuration list for PBXNativeTarget "SearchExampleApp" */ = {
			isa = XCConfigurationList;
			buildConfigurations = (
				177259D529ACA36100370197 /* Debug */,
				177259D629ACA36100370197 /* Release */,
			);
			defaultConfigurationIsVisible = 0;
			defaultConfigurationName = Release;
		};
/* End XCConfigurationList section */
	};
	rootObject = 177259BD29ACA35F00370197 /* Project object */;
}
